
Microsoft Visual Studio Solution File, Format Version 12.00
# Visual Studio 15
VisualStudioVersion = 15.0.28010.2048
MinimumVisualStudioVersion = 10.0.40219.1
Project("{FAE04EC0-301F-11D3-BF4B-00C04F79EFBC}") = "Test_Project_git", "Test_Project_git\Test_Project_git.csproj", "{CC88C132-4930-4905-8F6B-EF29A8F180EB}"
EndProject
Global
	GlobalSection(SolutionConfigurationPlatforms) = preSolution
		Debug|Any CPU = Debug|Any CPU
		Release|Any CPU = Release|Any CPU
	EndGlobalSection
	GlobalSection(ProjectConfigurationPlatforms) = postSolution
		{CC88C132-4930-4905-8F6B-EF29A8F180EB}.Debug|Any CPU.ActiveCfg = Debug|Any CPU
		{CC88C132-4930-4905-8F6B-EF29A8F180EB}.Debug|Any CPU.Build.0 = Debug|Any CPU
		{CC88C132-4930-4905-8F6B-EF29A8F180EB}.Release|Any CPU.ActiveCfg = Release|Any CPU
		{CC88C132-4930-4905-8F6B-EF29A8F180EB}.Release|Any CPU.Build.0 = Release|Any CPU
	EndGlobalSection
	GlobalSection(SolutionProperties) = preSolution
		HideSolutionNode = FALSE
	EndGlobalSection
	GlobalSection(ExtensibilityGlobals) = postSolution
		SolutionGuid = {F40BE34F-EDFE-4479-A82B-056CEF852CA8}
	EndGlobalSection
EndGlobal
